
Microsoft Visual Studio Solution File, Format Version 12.00
# Visual Studio Version 16
VisualStudioVersion = 16.0.31702.278
MinimumVisualStudioVersion = 10.0.40219.1
Project("{FAE04EC0-301F-11D3-BF4B-00C04F79EFBC}") = "TodoIt", "TodoIt\TodoIt.csproj", "{B622BA6A-BAC4-4CF7-ADF0-DE276C544299}"
EndProject
Project("{FAE04EC0-301F-11D3-BF4B-00C04F79EFBC}") = "TodoIt.Tests", "TodoIt.Tests\TodoIt.Tests.csproj", "{35FF4380-3524-41C6-81FB-45DB85BC8591}"
EndProject
Global
	GlobalSection(SolutionConfigurationPlatforms) = preSolution
		Debug|Any CPU = Debug|Any CPU
		Release|Any CPU = Release|Any CPU
	EndGlobalSection
	GlobalSection(ProjectConfigurationPlatforms) = postSolution
		{B622BA6A-BAC4-4CF7-ADF0-DE276C544299}.Debug|Any CPU.ActiveCfg = Debug|Any CPU
		{B622BA6A-BAC4-4CF7-ADF0-DE276C544299}.Debug|Any CPU.Build.0 = Debug|Any CPU
		{B622BA6A-BAC4-4CF7-ADF0-DE276C544299}.Release|Any CPU.ActiveCfg = Release|Any CPU
		{B622BA6A-BAC4-4CF7-ADF0-DE276C544299}.Release|Any CPU.Build.0 = Release|Any CPU
		{35FF4380-3524-41C6-81FB-45DB85BC8591}.Debug|Any CPU.ActiveCfg = Debug|Any CPU
		{35FF4380-3524-41C6-81FB-45DB85BC8591}.Debug|Any CPU.Build.0 = Debug|Any CPU
		{35FF4380-3524-41C6-81FB-45DB85BC8591}.Release|Any CPU.ActiveCfg = Release|Any CPU
		{35FF4380-3524-41C6-81FB-45DB85BC8591}.Release|Any CPU.Build.0 = Release|Any CPU
	EndGlobalSection
	GlobalSection(SolutionProperties) = preSolution
		HideSolutionNode = FALSE
	EndGlobalSection
	GlobalSection(ExtensibilityGlobals) = postSolution
		SolutionGuid = {836B58A7-BEEE-4FCF-A3AD-A4B29AEDE1ED}
	EndGlobalSection
EndGlobal
